Microsoft Visual Studio Solution File, Format Version 12.00
# Visual Studio Version 17
VisualStudioVersion = 17.5.2.0
MinimumVisualStudioVersion = 10.0.40219.1
Project("{FAE04EC0-301F-11D3-BF4B-00C04F79EFBC}") = "TeslaAPIHandler", "TeslaAPIHandler\TeslaAPIHandler.csproj", "{FE125060-AC56-A4D1-34CF-A3C877D4728E}"
EndProject
Global
	GlobalSection(SolutionConfigurationPlatforms) = preSolution
		Debug|Any CPU = Debug|Any CPU
		Release|Any CPU = Release|Any CPU
	EndGlobalSection
	GlobalSection(ProjectConfigurationPlatforms) = postSolution
		{FE125060-AC56-A4D1-34CF-A3C877D4728E}.Debug|Any CPU.ActiveCfg = Debug|Any CPU
		{FE125060-AC56-A4D1-34CF-A3C877D4728E}.Debug|Any CPU.Build.0 = Debug|Any CPU
		{FE125060-AC56-A4D1-34CF-A3C877D4728E}.Release|Any CPU.ActiveCfg = Release|Any CPU
		{FE125060-AC56-A4D1-34CF-A3C877D4728E}.Release|Any CPU.Build.0 = Release|Any CPU
	EndGlobalSection
	GlobalSection(SolutionProperties) = preSolution
		HideSolutionNode = FALSE
	EndGlobalSection
	GlobalSection(ExtensibilityGlobals) = postSolution
		SolutionGuid = {D7D2613E-5D2B-42B6-8731-472641DF9901}
	EndGlobalSection
EndGlobal
